
Microsoft Visual Studio Solution File, Format Version 12.00
# Visual Studio 2012
Project("{FAE04EC0-301F-11D3-BF4B-00C04F79EFBC}") = "ExportValidation", "ExportValidation\ExportValidation.csproj", "{9A662228-0C89-46B3-9CE0-E17FD11FDC96}"
EndProject
Project("{FAE04EC0-301F-11D3-BF4B-00C04F79EFBC}") = "ExportValidationConsole", "ConsoleApplication1\ExportValidationConsole.csproj", "{D794851C-EA89-49D8-BDAD-B05BCB5DFE00}"
EndProject
Global
	GlobalSection(SolutionConfigurationPlatforms) = preSolution
		Debug|Any CPU = Debug|Any CPU
		Release|Any CPU = Release|Any CPU
	EndGlobalSection
	GlobalSection(ProjectConfigurationPlatforms) = postSolution
		{9A662228-0C89-46B3-9CE0-E17FD11FDC96}.Debug|Any CPU.ActiveCfg = Debug|Any CPU
		{9A662228-0C89-46B3-9CE0-E17FD11FDC96}.Debug|Any CPU.Build.0 = Debug|Any CPU
		{9A662228-0C89-46B3-9CE0-E17FD11FDC96}.Release|Any CPU.ActiveCfg = Release|Any CPU
		{9A662228-0C89-46B3-9CE0-E17FD11FDC96}.Release|Any CPU.Build.0 = Release|Any CPU
		{D794851C-EA89-49D8-BDAD-B05BCB5DFE00}.Debug|Any CPU.ActiveCfg = Debug|Any CPU
		{D794851C-EA89-49D8-BDAD-B05BCB5DFE00}.Debug|Any CPU.Build.0 = Debug|Any CPU
		{D794851C-EA89-49D8-BDAD-B05BCB5DFE00}.Release|Any CPU.ActiveCfg = Release|Any CPU
		{D794851C-EA89-49D8-BDAD-B05BCB5DFE00}.Release|Any CPU.Build.0 = Release|Any CPU
	EndGlobalSection
	GlobalSection(SolutionProperties) = preSolution
		HideSolutionNode = FALSE
	EndGlobalSection
EndGlobal
